<Solution>
    <Configurations>
        <BuildType Name="ANDROID"/>
        <BuildType Name="Debug"/>
        <BuildType Name="DESKTOP"/>
        <BuildType Name="Release"/>
    </Configurations>

    <Folder Name="/01 Engine/">
        <Project Path="Engine\Engine.csproj">
            <BuildType Solution="ANDROID|*" Project="Debug"/>
            <BuildType Solution="DESKTOP|*" Project="Debug"/>
        </Project>
        <Project Path="Engine.Core/Engine.Core.csproj">
            <BuildType Solution="ANDROID|*" Project="Debug"/>
            <BuildType Solution="DESKTOP|*" Project="Debug"/>
        </Project>
        <Project Path="Engine.Serialization/Engine.Serialization.csproj">
            <BuildType Solution="ANDROID|*" Project="Debug"/>
            <BuildType Solution="DESKTOP|*" Project="Debug"/>
        </Project>
        <Project Path="Engine.Test\Engine.Test.csproj">
            <BuildType Solution="ANDROID|*" Project="Debug"/>
            <BuildType Solution="DESKTOP|*" Project="Debug"/>
            <Build Solution="Release|*" Project="false"/>
        </Project>
    </Folder>

    <Folder Name="/02 EntitySystem/">
        <Project Path="EntitySystem\EntitySystem.csproj">
            <BuildType Solution="ANDROID|*" Project="Debug"/>
            <BuildType Solution="DESKTOP|*" Project="Debug"/>
        </Project>
        <Project Path="EntitySystem.Test\EntitySystem.Test.csproj">
            <BuildType Solution="ANDROID|*" Project="Debug"/>
            <BuildType Solution="DESKTOP|*" Project="Debug"/>
            <Build Solution="Release|*" Project="false"/>
        </Project>
    </Folder>

    <Folder Name="/03 Survivalcraft/">
        <Project Path="Survivalcraft\Survivalcraft.csproj">
            <BuildType Solution="ANDROID|*" Project="Debug"/>
            <BuildType Solution="DESKTOP|*" Project="Debug"/>
        </Project>
        <Project Path="Survivalcraft.Test\Survivalcraft.Test.csproj">
            <BuildType Solution="ANDROID|*" Project="Debug"/>
            <BuildType Solution="DESKTOP|*" Project="Debug"/>
            <Build Solution="Release|*" Project="false"/>
        </Project>
    </Folder>

    <Folder Name="/04 Desktop/">
        <Project Path="Survivalcraft.Linux\Survivalcraft.Linux.csproj">
            <BuildType Solution="ANDROID|*" Project="Debug"/>
            <BuildType Solution="DESKTOP|*" Project="Debug"/>
            <Build Solution="ANDROID|*" Project="false"/>
        </Project>
        <Project Path="Survivalcraft.Windows\Survivalcraft.Windows.csproj">
            <BuildType Solution="ANDROID|*" Project="Debug"/>
            <BuildType Solution="DESKTOP|*" Project="Debug"/>
            <Build Solution="ANDROID|*" Project="false"/>
        </Project>
    </Folder>

    <Folder Name="/05 Android/">
        <Project Path="Survivalcraft.Android\Survivalcraft.Android.csproj">
            <BuildType Solution="ANDROID|*" Project="Debug"/>
            <BuildType Solution="DESKTOP|*" Project="Debug"/>
            <Build Solution="DESKTOP|*" Project="false"/>
        </Project>
        <Project Path="Survivalcraft.Android.Arm32\Survivalcraft.Android.Arm32.csproj">
            <BuildType Solution="ANDROID|*" Project="Debug"/>
            <BuildType Solution="DESKTOP|*" Project="Debug"/>
            <Build Solution="DESKTOP|*" Project="false"/>
        </Project>
        <Project Path="Survivalcraft.Android.X64\Survivalcraft.Android.X64.csproj">
            <BuildType Solution="ANDROID|*" Project="Debug"/>
            <BuildType Solution="DESKTOP|*" Project="Debug"/>
            <Build Solution="DESKTOP|*" Project="false"/>
            <Build Solution="Release|*" Project="false"/>
        </Project>
        <Project Path="Survivalcraft.Android.X86\Survivalcraft.Android.X86.csproj">
            <BuildType Solution="ANDROID|*" Project="Debug"/>
            <BuildType Solution="DESKTOP|*" Project="Debug"/>
            <Build Solution="DESKTOP|*" Project="false"/>
            <Build Solution="Release|*" Project="false"/>
        </Project>
    </Folder>

    <Folder Name="/06 Mod/">
        <Project Path="Survivalcraft.ModTemplates\Survivalcraft.ModTemplates.csproj">
            <BuildType Solution="ANDROID|*" Project="Debug"/>
            <BuildType Solution="DESKTOP|*" Project="Debug"/>
            <Build Solution="ANDROID|*" Project="false"/>
            <Build Solution="DESKTOP|*" Project="false"/>
        </Project>
        <Project Path="ModServer\ModServer.csproj">
            <BuildType Solution="ANDROID|*" Project="Debug"/>
            <BuildType Solution="DESKTOP|*" Project="Debug"/>
            <Build Solution="ANDROID|*" Project="false"/>
        </Project>
        <Project Path="VerificationBlockMod/VerificationBlockMod.csproj">
            <BuildType Solution="ANDROID|*" Project="Debug"/>
            <BuildType Solution="DESKTOP|*" Project="Debug"/>
            <Build Solution="Release|*" Project="false"/>
        </Project>
    </Folder>

    <Folder Name="/07 Tools/">
        <Project Path="LanguageTool\LanguageTool.csproj">
            <BuildType Solution="ANDROID|*" Project="Debug"/>
            <BuildType Solution="DESKTOP|*" Project="Debug"/>
            <Build Solution="ANDROID|*" Project="false"/>
        </Project>
        <Project Path="WorldUpgradeTool\WorldUpgradeTool.csproj">
            <BuildType Solution="ANDROID|*" Project="Debug"/>
            <BuildType Solution="DESKTOP|*" Project="Debug"/>
            <Build Solution="ANDROID|*" Project="false"/>
        </Project>
    </Folder>

    <Folder Name="/08 SolutionItem/">
        <File Path="SCNET.slnx"/>
        <File Path="README.md"/>
        <File Path=".editorconfig"/>
        <File Path=".gitattributes"/>
        <File Path=".gitignore"/>
        <File Path="Directory.Build.props"/>
        <File Path="Directory.Build.targets"/>
    </Folder>

</Solution>
