<Solution>
    <Configurations>
        <BuildType Name="Debug"/>
        <BuildType Name="Release"/>
    </Configurations>

    <Folder Name="/01 Engine/">
        <Project Path="Engine\Engine.csproj"/>
        <Project Path="Engine.Core/Engine.Core.csproj"/>
        <Project Path="Engine.Core.Benchmarks/Engine.Core.Benchmarks.csproj">
            <Build Solution="Release|*" Project="false"/>
        </Project>
        <Project Path="Engine.Serialization/Engine.Serialization.csproj"/>
        <Project Path="Engine.Test\Engine.Test.csproj">
            <Build Solution="Release|*" Project="false"/>
        </Project>
    </Folder>

    <Folder Name="/02 EntitySystem/">
        <Project Path="EntitySystem\EntitySystem.csproj"/>
        <Project Path="EntitySystem.Test\EntitySystem.Test.csproj">
            <Build Solution="Release|*" Project="false"/>
        </Project>
    </Folder>

    <Folder Name="/03 Protocol/">
        <Project Path="Content.Packaging\Content.Packaging.csproj"/>
        <Project Path="Content.Packaging.Test\Content.Packaging.Test.csproj">
            <Build Solution="Release|*" Project="false"/>
        </Project>
        <Project Path="ServerSource.Protocol\ServerSource.Protocol.csproj"/>
        <Project Path="ServerSource.Protocol.Test\ServerSource.Protocol.Test.csproj">
            <Build Solution="Release|*" Project="false"/>
        </Project>
    </Folder>

    <Folder Name="/04 Survivalcraft/">
        <Project Path="Survivalcraft\Survivalcraft.csproj"/>
        <Project Path="Survivalcraft.Test\Survivalcraft.Test.csproj">
            <Build Solution="Release|*" Project="false"/>
        </Project>
    </Folder>

    <Folder Name="/05 Desktop/">
        <Project Path="Survivalcraft.Linux\Survivalcraft.Linux.csproj"/>
        <Project Path="Survivalcraft.Windows\Survivalcraft.Windows.csproj"/>
    </Folder>

    <Folder Name="/06 Android/">
        <Project Path="Survivalcraft.Android\Survivalcraft.Android.csproj"/>
        <Project Path="Survivalcraft.Android.Arm32\Survivalcraft.Android.Arm32.csproj"/>
        <Project Path="Survivalcraft.Android.X64\Survivalcraft.Android.X64.csproj">
            <Build Solution="Release|*" Project="false"/>
        </Project>
        <Project Path="Survivalcraft.Android.X86\Survivalcraft.Android.X86.csproj">
            <Build Solution="Release|*" Project="false"/>
        </Project>
    </Folder>

    <Folder Name="/07 Mod/">
        <Project Path="Survivalcraft.ModTemplates\Survivalcraft.ModTemplates.csproj"/>
        <Project Path="VerificationBlockMod/VerificationBlockMod.csproj">
            <Build Solution="Release|*" Project="false"/>
        </Project>
    </Folder>

    <Folder Name="/08 ContentServer/">
        <Project Path="ContentWebUI\ContentWebUI.esproj"/>
        <Project Path="ContentServer\ContentServer.csproj"/>
        <Project Path="ContentServer.Test\ContentServer.Test.csproj">
            <Build Solution="Release|*" Project="false"/>
        </Project>
    </Folder>

    <Folder Name="/09 Tools/">
        <Project Path="GuiAtlasTool\GuiAtlasTool.csproj"/>
        <Project Path="ContentTool\ContentTool.csproj"/>
        <Project Path="LanguageTool\LanguageTool.csproj"/>
        <Project Path="WorldUpgradeTool\WorldUpgradeTool.csproj"/>
        <Project Path="WorldUpgradeTool.Test\WorldUpgradeTool.Test.csproj">
            <Build Solution="Release|*" Project="false"/>
        </Project>
        <Project Path="NetworkDamageTool\NetworkDamageTool.csproj"/>
        <Project Path="NetworkDamageTool.Test\NetworkDamageTool.Test.csproj">
            <Build Solution="Release|*" Project="false"/>
        </Project>
    </Folder>

    <Folder Name="/10 SolutionItem/">
        <File Path="SCNET.slnx"/>
        <File Path="README.md"/>
        <File Path=".editorconfig"/>
        <File Path=".gitattributes"/>
        <File Path=".gitignore"/>
        <File Path="Directory.Build.props"/>
        <File Path="Directory.Build.targets"/>
    </Folder>

    <Folder Name="/11 Scripts/">
        <File Path="Scripts/pack-nuget.ps1"/>
        <File Path="Scripts/pack-nuget.sh"/>
        <File Path="Scripts/publish.ps1"/>
        <File Path="Scripts/publish.sh"/>
    </Folder>

</Solution>
